
Microsoft Visual Studio Solution File, Format Version 10.00
# Visual Studio 2008
Project("{2150E333-8FDC-42A3-9474-1A3956D46DE8}") = "Lib", "Lib", "{017A4D32-BB68-4A2B-BAD3-96AB6D18EBF5}"
EndProject
Project("{2150E333-8FDC-42A3-9474-1A3956D46DE8}") = "Apps", "Apps", "{570854DD-9F1C-4EF5-9ED7-5C7432446A53}"
EndProject
Project("{2150E333-8FDC-42A3-9474-1A3956D46DE8}") = "Third Party", "Third Party", "{B14AD725-AEC5-483C-9652-9B6298912F1D}"
EndProject
Project("{2150E333-8FDC-42A3-9474-1A3956D46DE8}") = "Solution Items", "Solution Items", "{DE092617-3D4B-4565-BC8F-558D9D55F92F}"
EndProject
Project("{F184B08F-C81C-45F6-A57F-5ABD9991F28F}") = "Agent", "Agent\Agent.vbproj", "{FF84B9BD-6765-4884-8F09-6F906FB4D5D6}"
EndProject
Project("{F184B08F-C81C-45F6-A57F-5ABD9991F28F}") = "Math", "Math\Math.vbproj", "{66482951-CDA0-4BDE-8F7D-BE4CB03C3E28}"
EndProject
Project("{F184B08F-C81C-45F6-A57F-5ABD9991F28F}") = "Slam", "Slam\Slam.vbproj", "{57E550BC-8595-4F82-877F-29F610D7A571}"
EndProject
Project("{F184B08F-C81C-45F6-A57F-5ABD9991F28F}") = "Tools", "Tools\Tools.vbproj", "{93BCE67B-C885-4E33-A7F0-10C9DF820554}"
EndProject
Project("{F184B08F-C81C-45F6-A57F-5ABD9991F28F}") = "UsarClient", "Usar\UsarClient\UsarClient.vbproj", "{231C8819-7008-4077-975B-5275C92B6179}"
	ProjectSection(ProjectDependencies) = postProject
		{0AAD2BF5-F6C9-4180-9C50-9200726052DD} = {0AAD2BF5-F6C9-4180-9C50-9200726052DD}
		{66482951-CDA0-4BDE-8F7D-BE4CB03C3E28} = {66482951-CDA0-4BDE-8F7D-BE4CB03C3E28}
	EndProjectSection
EndProject
Project("{F184B08F-C81C-45F6-A57F-5ABD9991F28F}") = "UsarCommander", "Usar\UsarCommander\UsarCommander.vbproj", "{CD13D468-746F-4838-95AD-B2C194D1A632}"
EndProject
Project("{F184B08F-C81C-45F6-A57F-5ABD9991F28F}") = "UsarLib", "Usar\UsarLib\UsarLib.vbproj", "{26DCF73B-DA73-4D44-AD12-A8BFAC6C8097}"
	ProjectSection(ProjectDependencies) = postProject
		{ED4A5B16-8F52-416A-965E-C3F9677EA92E} = {ED4A5B16-8F52-416A-965E-C3F9677EA92E}
	EndProjectSection
EndProject
Project("{FAE04EC0-301F-11D3-BF4B-00C04F79EFBC}") = "Iridium", "Third Party\Iridium\Iridium.csproj", "{26FC15DE-EFDA-403A-8284-1E2A4AE8A9D8}"
EndProject
Project("{F184B08F-C81C-45F6-A57F-5ABD9991F28F}") = "ImageAnalysis", "ImageAnalysis\ImageAnalysis.vbproj", "{3E36C280-6096-4C40-A221-1A31906A6CA0}"
EndProject
Project("{FAE04EC0-301F-11D3-BF4B-00C04F79EFBC}") = "Neodym", "Third Party\Neodym\Neodym.csproj", "{61BF11FF-5C75-45E3-BA36-2B50C291EA7D}"
EndProject
Project("{F184B08F-C81C-45F6-A57F-5ABD9991F28F}") = "Communication", "Communication\Communication.vbproj", "{D1E9CE78-8FA4-4B3F-90F1-7B209E6C8ACD}"
EndProject
Project("{FAE04EC0-301F-11D3-BF4B-00C04F79EFBC}") = "SharpZLib", "Third Party\SharpZipLib\SharpZLib.csproj", "{0AAD2BF5-F6C9-4180-9C50-9200726052DD}"
EndProject
Project("{FAE04EC0-301F-11D3-BF4B-00C04F79EFBC}") = "LightFX", "Third Party\LightFix\LightFX.csproj", "{ED4A5B16-8F52-416A-965E-C3F9677EA92E}"
EndProject
Global
	GlobalSection(SolutionConfigurationPlatforms) = preSolution
		Debug|Any CPU = Debug|Any CPU
		Release|Any CPU = Release|Any CPU
	EndGlobalSection
	GlobalSection(ProjectConfigurationPlatforms) = postSolution
		{FF84B9BD-6765-4884-8F09-6F906FB4D5D6}.Debug|Any CPU.ActiveCfg = Debug|Any CPU
		{FF84B9BD-6765-4884-8F09-6F906FB4D5D6}.Debug|Any CPU.Build.0 = Debug|Any CPU
		{FF84B9BD-6765-4884-8F09-6F906FB4D5D6}.Release|Any CPU.ActiveCfg = Release|Any CPU
		{FF84B9BD-6765-4884-8F09-6F906FB4D5D6}.Release|Any CPU.Build.0 = Release|Any CPU
		{66482951-CDA0-4BDE-8F7D-BE4CB03C3E28}.Debug|Any CPU.ActiveCfg = Debug|Any CPU
		{66482951-CDA0-4BDE-8F7D-BE4CB03C3E28}.Debug|Any CPU.Build.0 = Debug|Any CPU
		{66482951-CDA0-4BDE-8F7D-BE4CB03C3E28}.Release|Any CPU.ActiveCfg = Release|Any CPU
		{66482951-CDA0-4BDE-8F7D-BE4CB03C3E28}.Release|Any CPU.Build.0 = Release|Any CPU
		{57E550BC-8595-4F82-877F-29F610D7A571}.Debug|Any CPU.ActiveCfg = Debug|Any CPU
		{57E550BC-8595-4F82-877F-29F610D7A571}.Debug|Any CPU.Build.0 = Debug|Any CPU
		{57E550BC-8595-4F82-877F-29F610D7A571}.Release|Any CPU.ActiveCfg = Release|Any CPU
		{57E550BC-8595-4F82-877F-29F610D7A571}.Release|Any CPU.Build.0 = Release|Any CPU
		{93BCE67B-C885-4E33-A7F0-10C9DF820554}.Debug|Any CPU.ActiveCfg = Debug|Any CPU
		{93BCE67B-C885-4E33-A7F0-10C9DF820554}.Debug|Any CPU.Build.0 = Debug|Any CPU
		{93BCE67B-C885-4E33-A7F0-10C9DF820554}.Release|Any CPU.ActiveCfg = Release|Any CPU
		{93BCE67B-C885-4E33-A7F0-10C9DF820554}.Release|Any CPU.Build.0 = Release|Any CPU
		{231C8819-7008-4077-975B-5275C92B6179}.Debug|Any CPU.ActiveCfg = Debug|Any CPU
		{231C8819-7008-4077-975B-5275C92B6179}.Debug|Any CPU.Build.0 = Debug|Any CPU
		{231C8819-7008-4077-975B-5275C92B6179}.Release|Any CPU.ActiveCfg = Release|Any CPU
		{231C8819-7008-4077-975B-5275C92B6179}.Release|Any CPU.Build.0 = Release|Any CPU
		{CD13D468-746F-4838-95AD-B2C194D1A632}.Debug|Any CPU.ActiveCfg = Debug|Any CPU
		{CD13D468-746F-4838-95AD-B2C194D1A632}.Debug|Any CPU.Build.0 = Debug|Any CPU
		{CD13D468-746F-4838-95AD-B2C194D1A632}.Release|Any CPU.ActiveCfg = Release|Any CPU
		{CD13D468-746F-4838-95AD-B2C194D1A632}.Release|Any CPU.Build.0 = Release|Any CPU
		{26DCF73B-DA73-4D44-AD12-A8BFAC6C8097}.Debug|Any CPU.ActiveCfg = Debug|Any CPU
		{26DCF73B-DA73-4D44-AD12-A8BFAC6C8097}.Debug|Any CPU.Build.0 = Debug|Any CPU
		{26DCF73B-DA73-4D44-AD12-A8BFAC6C8097}.Release|Any CPU.ActiveCfg = Release|Any CPU
		{26DCF73B-DA73-4D44-AD12-A8BFAC6C8097}.Release|Any CPU.Build.0 = Release|Any CPU
		{26FC15DE-EFDA-403A-8284-1E2A4AE8A9D8}.Debug|Any CPU.ActiveCfg = Debug|Any CPU
		{26FC15DE-EFDA-403A-8284-1E2A4AE8A9D8}.Debug|Any CPU.Build.0 = Debug|Any CPU
		{26FC15DE-EFDA-403A-8284-1E2A4AE8A9D8}.Release|Any CPU.ActiveCfg = Release|Any CPU
		{26FC15DE-EFDA-403A-8284-1E2A4AE8A9D8}.Release|Any CPU.Build.0 = Release|Any CPU
		{3E36C280-6096-4C40-A221-1A31906A6CA0}.Debug|Any CPU.ActiveCfg = Debug|Any CPU
		{3E36C280-6096-4C40-A221-1A31906A6CA0}.Debug|Any CPU.Build.0 = Debug|Any CPU
		{3E36C280-6096-4C40-A221-1A31906A6CA0}.Release|Any CPU.ActiveCfg = Release|Any CPU
		{3E36C280-6096-4C40-A221-1A31906A6CA0}.Release|Any CPU.Build.0 = Release|Any CPU
		{61BF11FF-5C75-45E3-BA36-2B50C291EA7D}.Debug|Any CPU.ActiveCfg = Debug|Any CPU
		{61BF11FF-5C75-45E3-BA36-2B50C291EA7D}.Debug|Any CPU.Build.0 = Debug|Any CPU
		{61BF11FF-5C75-45E3-BA36-2B50C291EA7D}.Release|Any CPU.ActiveCfg = Release|Any CPU
		{61BF11FF-5C75-45E3-BA36-2B50C291EA7D}.Release|Any CPU.Build.0 = Release|Any CPU
		{D1E9CE78-8FA4-4B3F-90F1-7B209E6C8ACD}.Debug|Any CPU.ActiveCfg = Debug|Any CPU
		{D1E9CE78-8FA4-4B3F-90F1-7B209E6C8ACD}.Debug|Any CPU.Build.0 = Debug|Any CPU
		{D1E9CE78-8FA4-4B3F-90F1-7B209E6C8ACD}.Release|Any CPU.ActiveCfg = Release|Any CPU
		{D1E9CE78-8FA4-4B3F-90F1-7B209E6C8ACD}.Release|Any CPU.Build.0 = Release|Any CPU
		{0AAD2BF5-F6C9-4180-9C50-9200726052DD}.Debug|Any CPU.ActiveCfg = Debug|Any CPU
		{0AAD2BF5-F6C9-4180-9C50-9200726052DD}.Debug|Any CPU.Build.0 = Debug|Any CPU
		{0AAD2BF5-F6C9-4180-9C50-9200726052DD}.Release|Any CPU.ActiveCfg = Release|Any CPU
		{0AAD2BF5-F6C9-4180-9C50-9200726052DD}.Release|Any CPU.Build.0 = Release|Any CPU
		{ED4A5B16-8F52-416A-965E-C3F9677EA92E}.Debug|Any CPU.ActiveCfg = Debug|Any CPU
		{ED4A5B16-8F52-416A-965E-C3F9677EA92E}.Debug|Any CPU.Build.0 = Debug|Any CPU
		{ED4A5B16-8F52-416A-965E-C3F9677EA92E}.Release|Any CPU.ActiveCfg = Release|Any CPU
		{ED4A5B16-8F52-416A-965E-C3F9677EA92E}.Release|Any CPU.Build.0 = Release|Any CPU
	EndGlobalSection
	GlobalSection(SolutionProperties) = preSolution
		HideSolutionNode = FALSE
	EndGlobalSection
	GlobalSection(NestedProjects) = preSolution
		{FF84B9BD-6765-4884-8F09-6F906FB4D5D6} = {017A4D32-BB68-4A2B-BAD3-96AB6D18EBF5}
		{66482951-CDA0-4BDE-8F7D-BE4CB03C3E28} = {017A4D32-BB68-4A2B-BAD3-96AB6D18EBF5}
		{57E550BC-8595-4F82-877F-29F610D7A571} = {017A4D32-BB68-4A2B-BAD3-96AB6D18EBF5}
		{93BCE67B-C885-4E33-A7F0-10C9DF820554} = {017A4D32-BB68-4A2B-BAD3-96AB6D18EBF5}
		{3E36C280-6096-4C40-A221-1A31906A6CA0} = {017A4D32-BB68-4A2B-BAD3-96AB6D18EBF5}
		{D1E9CE78-8FA4-4B3F-90F1-7B209E6C8ACD} = {017A4D32-BB68-4A2B-BAD3-96AB6D18EBF5}
		{231C8819-7008-4077-975B-5275C92B6179} = {570854DD-9F1C-4EF5-9ED7-5C7432446A53}
		{CD13D468-746F-4838-95AD-B2C194D1A632} = {570854DD-9F1C-4EF5-9ED7-5C7432446A53}
		{26DCF73B-DA73-4D44-AD12-A8BFAC6C8097} = {570854DD-9F1C-4EF5-9ED7-5C7432446A53}
		{26FC15DE-EFDA-403A-8284-1E2A4AE8A9D8} = {B14AD725-AEC5-483C-9652-9B6298912F1D}
		{61BF11FF-5C75-45E3-BA36-2B50C291EA7D} = {B14AD725-AEC5-483C-9652-9B6298912F1D}
		{0AAD2BF5-F6C9-4180-9C50-9200726052DD} = {B14AD725-AEC5-483C-9652-9B6298912F1D}
		{ED4A5B16-8F52-416A-965E-C3F9677EA92E} = {B14AD725-AEC5-483C-9652-9B6298912F1D}
	EndGlobalSection
EndGlobal
